<?xml version="1.0" encoding="utf-8"?>
<Project ToolsVersion="4.0" xmlns="http://schemas.microsoft.com/developer/msbuild/2003">
  <ItemGroup>
    <Filter Include="Source Files">
      <UniqueIdentifier>{b8693f41-1659-409d-bd57-bb38781e024f}</UniqueIdentifier>
      <Extensions>cpp;c;cxx;rc;def;r;odl;idl;hpj;bat</Extensions>
    </Filter>
    <Filter Include="Header Files">
      <UniqueIdentifier>{d90233a5-3a96-4e6f-8bc2-ec1f86703beb}</UniqueIdentifier>
      <Extensions>h;hpp;hxx;hm;inl</Extensions>
    </Filter>
    <Filter Include="Resource Files">
      <UniqueIdentifier>{6020683a-31f3-4e7a-8b90-7e40bc03f466}</UniqueIdentifier>
      <Extensions>ico;cur;bmp;dlg;rc2;rct;bin;rgs;gif;jpg;jpeg;jpe</Extensions>
    </Filter>
  </ItemGroup>
  <ItemGroup>
    <ClCompile Include="EnterNewValueDialog.cpp">
      <Filter>Source Files</Filter>
    </ClCompile>
    <ClCompile Include="FixBinCalc.cpp">
      <Filter>Source Files</Filter>
    </ClCompile>
    <ClCompile Include="FixBinCalcDlg.cpp">
      <Filter>Source Files</Filter>
    </ClCompile>
    <ClCompile Include="StdAfx.cpp">
      <Filter>Source Files</Filter>
    </ClCompile>
  </ItemGroup>
  <ItemGroup>
    <ResourceCompile Include="FixBinCalc.rc">
      <Filter>Source Files</Filter>
    </ResourceCompile>
  </ItemGroup>
  <ItemGroup>
    <ClInclude Include="EnterNewValueDialog.h">
      <Filter>Header Files</Filter>
    </ClInclude>
    <ClInclude Include="FixBinCalc.h">
      <Filter>Header Files</Filter>
    </ClInclude>
    <ClInclude Include="FixBinCalcDlg.h">
      <Filter>Header Files</Filter>
    </ClInclude>
    <ClInclude Include="ForceNewValue.h">
      <Filter>Header Files</Filter>
    </ClInclude>
    <ClInclude Include="ForceNewValue_Dialog.h">
      <Filter>Header Files</Filter>
    </ClInclude>
    <ClInclude Include="Resource.h">
      <Filter>Header Files</Filter>
    </ClInclude>
    <ClInclude Include="StdAfx.h">
      <Filter>Header Files</Filter>
    </ClInclude>
  </ItemGroup>
  <ItemGroup>
    <Image Include="res\FixBinCalc.ico">
      <Filter>Resource Files</Filter>
    </Image>
    <Image Include="res\Pandora.bmp">
      <Filter>Resource Files</Filter>
    </Image>
    <Image Include="res\BoxySoft.bmp">
      <Filter>Resource Files</Filter>
    </Image>
  </ItemGroup>
  <ItemGroup>
    <Text Include="ReadMe.txt" />
  </ItemGroup>
  <ItemGroup>
    <CustomBuild Include="res\FixBinCalc.rc2">
      <Filter>Resource Files</Filter>
    </CustomBuild>
  </ItemGroup>
</Project>